
Microsoft Visual Studio Solution File, Format Version 12.00
# Visual Studio Version 17
VisualStudioVersion = 17.6.33815.320
MinimumVisualStudioVersion = 10.0.40219.1
Project("{FAE04EC0-301F-11D3-BF4B-00C04F79EFBC}") = "Demo Project", "Demo Project.csproj", "{39DF1317-68F6-4D5A-A89B-CAA131C1546A}"
EndProject
Global
	GlobalSection(SolutionConfigurationPlatforms) = preSolution
		Debug|Any CPU = Debug|Any CPU
		Release|Any CPU = Release|Any CPU
	EndGlobalSection
	GlobalSection(ProjectConfigurationPlatforms) = postSolution
		{39DF1317-68F6-4D5A-A89B-CAA131C1546A}.Debug|Any CPU.ActiveCfg = Debug|Any CPU
		{39DF1317-68F6-4D5A-A89B-CAA131C1546A}.Debug|Any CPU.Build.0 = Debug|Any CPU
		{39DF1317-68F6-4D5A-A89B-CAA131C1546A}.Release|Any CPU.ActiveCfg = Release|Any CPU
		{39DF1317-68F6-4D5A-A89B-CAA131C1546A}.Release|Any CPU.Build.0 = Release|Any CPU
	EndGlobalSection
	GlobalSection(SolutionProperties) = preSolution
		HideSolutionNode = FALSE
	EndGlobalSection
	GlobalSection(ExtensibilityGlobals) = postSolution
		SolutionGuid = {0E624EA5-F591-41A5-9073-9EBEFF97A847}
	EndGlobalSection
EndGlobal
